
Microsoft Visual Studio Solution File, Format Version 12.00
# Visual Studio Version 17
VisualStudioVersion = 17.13.35919.96
MinimumVisualStudioVersion = 10.0.40219.1
Project("{FAE04EC0-301F-11D3-BF4B-00C04F79EFBC}") = "JJ.AutoIncrementVersion", "JJ.AutoIncrementVersion\JJ.AutoIncrementVersion.csproj", "{26D21849-C2A4-9DEC-1F21-3A8397EEAC21}"
EndProject
Project("{2150E333-8FDC-42A3-9474-1A3956D46DE8}") = "Solution Items", "Solution Items", "{8EC462FD-D22E-90A8-E5CE-7E832BA40C5D}"
	ProjectSection(SolutionItems) = preProject
		.gitignore = .gitignore
		BuildNum.xml = BuildNum.xml
		NuGet.config = NuGet.config
		README.md = README.md
	EndProjectSection
EndProject
Project("{FAE04EC0-301F-11D3-BF4B-00C04F79EFBC}") = "JJ.AutoIncrementVersion.Tasks", "JJ.AutoIncrementVersion.Tasks\JJ.AutoIncrementVersion.Tasks.csproj", "{286D0BC3-2C83-439E-9C2E-401E8B3B983E}"
EndProject
Global
	GlobalSection(SolutionConfigurationPlatforms) = preSolution
		Debug|Any CPU = Debug|Any CPU
		Release|Any CPU = Release|Any CPU
	EndGlobalSection
	GlobalSection(ProjectConfigurationPlatforms) = postSolution
		{26D21849-C2A4-9DEC-1F21-3A8397EEAC21}.Debug|Any CPU.ActiveCfg = Debug|Any CPU
		{26D21849-C2A4-9DEC-1F21-3A8397EEAC21}.Debug|Any CPU.Build.0 = Debug|Any CPU
		{26D21849-C2A4-9DEC-1F21-3A8397EEAC21}.Release|Any CPU.ActiveCfg = Release|Any CPU
		{26D21849-C2A4-9DEC-1F21-3A8397EEAC21}.Release|Any CPU.Build.0 = Release|Any CPU
		{286D0BC3-2C83-439E-9C2E-401E8B3B983E}.Debug|Any CPU.ActiveCfg = Debug|Any CPU
		{286D0BC3-2C83-439E-9C2E-401E8B3B983E}.Debug|Any CPU.Build.0 = Debug|Any CPU
		{286D0BC3-2C83-439E-9C2E-401E8B3B983E}.Release|Any CPU.ActiveCfg = Release|Any CPU
		{286D0BC3-2C83-439E-9C2E-401E8B3B983E}.Release|Any CPU.Build.0 = Release|Any CPU
	EndGlobalSection
	GlobalSection(SolutionProperties) = preSolution
		HideSolutionNode = FALSE
	EndGlobalSection
	GlobalSection(ExtensibilityGlobals) = postSolution
		SolutionGuid = {7620C533-CD82-4C3C-9031-12E1B9D187F9}
	EndGlobalSection
EndGlobal
